
Microsoft Visual Studio Solution File, Format Version 12.00
Project("{FAE04EC0-301F-11D3-BF4B-00C04F79EFBC}") = "Design Pattern2", "Design Pattern2\Design Pattern2.csproj", "{CAA10CD3-0FC5-496E-A654-FFCBA0494DB7}"
EndProject
Global
	GlobalSection(SolutionConfigurationPlatforms) = preSolution
		Debug|Any CPU = Debug|Any CPU
		Release|Any CPU = Release|Any CPU
	EndGlobalSection
	GlobalSection(ProjectConfigurationPlatforms) = postSolution
		{CAA10CD3-0FC5-496E-A654-FFCBA0494DB7}.Debug|Any CPU.ActiveCfg = Debug|Any CPU
		{CAA10CD3-0FC5-496E-A654-FFCBA0494DB7}.Debug|Any CPU.Build.0 = Debug|Any CPU
		{CAA10CD3-0FC5-496E-A654-FFCBA0494DB7}.Release|Any CPU.ActiveCfg = Release|Any CPU
		{CAA10CD3-0FC5-496E-A654-FFCBA0494DB7}.Release|Any CPU.Build.0 = Release|Any CPU
	EndGlobalSection
EndGlobal
